
Microsoft Visual Studio Solution File, Format Version 12.00
# Visual Studio 15
Project("{FAE04EC0-301F-11D3-BF4B-00C04F79EFBC}") = "Assembly-CSharp-firstpass", "Assembly-CSharp-firstpass.csproj", "{77458003-51BB-D8F6-F88E-3A2914780B80}"
EndProject
Project("{FAE04EC0-301F-11D3-BF4B-00C04F79EFBC}") = "Assembly-CSharp-Editor-firstpass", "Assembly-CSharp-Editor-firstpass.csproj", "{FE284493-E6E4-320A-B185-5150C05DE784}"
EndProject
Global
	GlobalSection(SolutionConfigurationPlatforms) = preSolution
		Debug|Any CPU = Debug|Any CPU
		Release|Any CPU = Release|Any CPU
	EndGlobalSection
	GlobalSection(ProjectConfigurationPlatforms) = postSolution
		{77458003-51BB-D8F6-F88E-3A2914780B80}.Debug|Any CPU.ActiveCfg = Debug|Any CPU
		{77458003-51BB-D8F6-F88E-3A2914780B80}.Debug|Any CPU.Build.0 = Debug|Any CPU
		{77458003-51BB-D8F6-F88E-3A2914780B80}.Release|Any CPU.ActiveCfg = Release|Any CPU
		{77458003-51BB-D8F6-F88E-3A2914780B80}.Release|Any CPU.Build.0 = Release|Any CPU
		{FE284493-E6E4-320A-B185-5150C05DE784}.Debug|Any CPU.ActiveCfg = Debug|Any CPU
		{FE284493-E6E4-320A-B185-5150C05DE784}.Debug|Any CPU.Build.0 = Debug|Any CPU
		{FE284493-E6E4-320A-B185-5150C05DE784}.Release|Any CPU.ActiveCfg = Release|Any CPU
		{FE284493-E6E4-320A-B185-5150C05DE784}.Release|Any CPU.Build.0 = Release|Any CPU
	EndGlobalSection
	GlobalSection(SolutionProperties) = preSolution
		HideSolutionNode = FALSE
	EndGlobalSection
EndGlobal
